{
    "name": "cookie-content-settings-chrome-extension",
    "version": "1.0.0",
    "lockfileVersion": 1,
    "requires": true,
    "dependencies": {
        "@tsconfig/recommended": {
            "version": "1.0.1",
            "resolved": "https://registry.npmjs.org/@tsconfig/recommended/-/recommended-1.0.1.tgz",
            "integrity": "sha512-2xN+iGTbPBEzGSnVp/Hd64vKJCJWxsi9gfs88x4PPMyEjHJoA3o5BY9r5OLPHIZU2pAQxkSAsJFqn6itClP8mQ==",
            "dev": true
        },
        "@types/chrome": {
            "version": "0.0.145",
            "resolved": "https://registry.npmjs.org/@types/chrome/-/chrome-0.0.145.tgz",
            "integrity": "sha512-vLvTMmfc8mvwOZzkmn2UwlWSNu0t0txBkyuIv8NgihRkvFCe6XJX65YZAgAP/RdBit3enhU2GTxCr+prn4uZmA==",
            "dev": true,
            "requires": {
                "@types/filesystem": "*",
                "@types/har-format": "*"
            }
        },
        "@types/filesystem": {
            "version": "0.0.31",
            "resolved": "https://registry.npmjs.org/@types/filesystem/-/filesystem-0.0.31.tgz",
            "integrity": "sha512-9Dj1Gb7ZhknhJ8J1H/lTQrEorwIHWZlO9Tfi0WMrvyO1+2GUIUF8Sg4zrID77hj0ywArzQRJ1MwlT9H7c9QmEQ==",
            "dev": true,
            "requires": {
                "@types/filewriter": "*"
            }
        },
        "@types/filewriter": {
            "version": "0.0.29",
            "resolved": "https://registry.npmjs.org/@types/filewriter/-/filewriter-0.0.29.tgz",
            "integrity": "sha512-BsPXH/irW0ht0Ji6iw/jJaK8Lj3FJemon2gvEqHKpCdDCeemHa+rI3WBGq5z7cDMZgoLjY40oninGxqk+8NzNQ==",
            "dev": true
        },
        "@types/har-format": {
            "version": "1.2.6",
            "resolved": "https://registry.npmjs.org/@types/har-format/-/har-format-1.2.6.tgz",
            "integrity": "sha512-TeZjp4COiAWPOeGx1tuFJETr/SBMx80lxqeqnCC36ZVn463f7ElCdA3X9RzDuo3BHjhN4apw41A5uoIw5FzgWA==",
            "dev": true
        },
        "esbuild": {
            "version": "0.12.14",
            "resolved": "https://registry.npmjs.org/esbuild/-/esbuild-0.12.14.tgz",
            "integrity": "sha512-z8p+6FGiplR7a3pPonXREbm+8IeXjBGvDpVidZmGB/AJMsJSfGCU+n7KOMCazA9AwvagadRWBhiKorC0w9WJvw==",
            "dev": true
        },
        "typescript": {
            "version": "4.3.5",
            "resolved": "https://registry.npmjs.org/typescript/-/typescript-4.3.5.tgz",
            "integrity": "sha512-DqQgihaQ9cUrskJo9kIyW/+g0Vxsk8cDtZ52a3NGh0YNTfpUSArXSohyUGnvbPazEPLu398C0UxmKSOrPumUzA==",
            "dev": true
        }
    }
}
